
Microsoft Visual Studio Solution File, Format Version 12.00
# Visual Studio Version 16
VisualStudioVersion = 16.0.31321.278
MinimumVisualStudioVersion = 10.0.40219.1
Project("{8BC9CEB8-8B4A-11D0-8D11-00A0C91BC942}") = "ListaDoblementeEnlazada", "ListaDoblementeEnlazada\ListaDoblementeEnlazada.vcxproj", "{FAE5B358-869C-4B25-BC11-55110A05F097}"
EndProject
Global
	GlobalSection(SolutionConfigurationPlatforms) = preSolution
		Debug|x64 = Debug|x64
		Debug|x86 = Debug|x86
		Release|x64 = Release|x64
		Release|x86 = Release|x86
	EndGlobalSection
	GlobalSection(ProjectConfigurationPlatforms) = postSolution
		{FAE5B358-869C-4B25-BC11-55110A05F097}.Debug|x64.ActiveCfg = Debug|x64
		{FAE5B358-869C-4B25-BC11-55110A05F097}.Debug|x64.Build.0 = Debug|x64
		{FAE5B358-869C-4B25-BC11-55110A05F097}.Debug|x86.ActiveCfg = Debug|Win32
		{FAE5B358-869C-4B25-BC11-55110A05F097}.Debug|x86.Build.0 = Debug|Win32
		{FAE5B358-869C-4B25-BC11-55110A05F097}.Release|x64.ActiveCfg = Release|x64
		{FAE5B358-869C-4B25-BC11-55110A05F097}.Release|x64.Build.0 = Release|x64
		{FAE5B358-869C-4B25-BC11-55110A05F097}.Release|x86.ActiveCfg = Release|Win32
		{FAE5B358-869C-4B25-BC11-55110A05F097}.Release|x86.Build.0 = Release|Win32
	EndGlobalSection
	GlobalSection(SolutionProperties) = preSolution
		HideSolutionNode = FALSE
	EndGlobalSection
	GlobalSection(ExtensibilityGlobals) = postSolution
		SolutionGuid = {9C82D035-084F-46DC-A72E-42EC125506DB}
	EndGlobalSection
EndGlobal
